// !$*UTF8*$!
{
	archiveVersion = 1;
	classes = {
	};
	objectVersion = 50;
	objects = {

/* Begin PBXBuildFile section */
		9438DAC323FACA9200DDCDDC /* AppDelegate.swift in Sources */ = {isa = PBXBuildFile; fileRef = 9438DAC223FACA9200DDCDDC /* AppDelegate.swift */; };
		9438DAC523FACA9200DDCDDC /* SceneDelegate.swift in Sources */ = {isa = PBXBuildFile; fileRef = 9438DAC423FACA9200DDCDDC /* SceneDelegate.swift */; };
		9438DACC23FACA9600DDCDDC /* Assets.xcassets in Resources */ = {isa = PBXBuildFile; fileRef = 9438DACB23FACA9600DDCDDC /* Assets.xcassets */; };
		9438DACF23FACA9600DDCDDC /* LaunchScreen.storyboard in Resources */ = {isa = PBXBuildFile; fileRef = 9438DACD23FACA9600DDCDDC /* LaunchScreen.storyboard */; };
		9438DADE23FAD0DA00DDCDDC /* UsersTableViewController.swift in Sources */ = {isa = PBXBuildFile; fileRef = 9438DADD23FAD0DA00DDCDDC /* UsersTableViewController.swift */; };
		9438DAEA23FAD18100DDCDDC /* PhotosTableViewController.swift in Sources */ = {isa = PBXBuildFile; fileRef = 9438DAE923FAD18100DDCDDC /* PhotosTableViewController.swift */; };
		9438DAF223FAD24100DDCDDC /* DataService.swift in Sources */ = {isa = PBXBuildFile; fileRef = 9438DAF123FAD24100DDCDDC /* DataService.swift */; };
		9438DAF623FAD8F800DDCDDC /* PhotoCell.swift in Sources */ = {isa = PBXBuildFile; fileRef = 9438DAF523FAD8F800DDCDDC /* PhotoCell.swift */; };
		9438DB1E23FAE6C400DDCDDC /* UsersByID.swift in Sources */ = {isa = PBXBuildFile; fileRef = 9438DB1D23FAE6C400DDCDDC /* UsersByID.swift */; };
		9438DB2023FAE6D600DDCDDC /* PhotosByID.swift in Sources */ = {isa = PBXBuildFile; fileRef = 9438DB1F23FAE6D600DDCDDC /* PhotosByID.swift */; };
		9438DB2223FAE98500DDCDDC /* ServiceErrors.swift in Sources */ = {isa = PBXBuildFile; fileRef = 9438DB2123FAE98500DDCDDC /* ServiceErrors.swift */; };
		9438DB2423FAF54500DDCDDC /* Costants.swift in Sources */ = {isa = PBXBuildFile; fileRef = 9438DB2323FAF54500DDCDDC /* Costants.swift */; };
		9438DB2623FAF71300DDCDDC /* AlbumsByID.swift in Sources */ = {isa = PBXBuildFile; fileRef = 9438DB2523FAF71300DDCDDC /* AlbumsByID.swift */; };
		9438DB2C23FAFB9200DDCDDC /* Repository.swift in Sources */ = {isa = PBXBuildFile; fileRef = 9438DB2B23FAFB9200DDCDDC /* Repository.swift */; };
		9438DB2E23FB086B00DDCDDC /* Factory.swift in Sources */ = {isa = PBXBuildFile; fileRef = 9438DB2D23FB086B00DDCDDC /* Factory.swift */; };
		9438DB3023FB1A4500DDCDDC /* Router.swift in Sources */ = {isa = PBXBuildFile; fileRef = 9438DB2F23FB1A4500DDCDDC /* Router.swift */; };
/* End PBXBuildFile section */

/* Begin PBXFileReference section */
		9438DABF23FACA9200DDCDDC /* Photo_Albums.app */ = {isa = PBXFileReference; explicitFileType = wrapper.application; includeInIndex = 0; path = Photo_Albums.app; sourceTree = BUILT_PRODUCTS_DIR; };
		9438DAC223FACA9200DDCDDC /* AppDelegate.swift */ = {isa = PBXFileReference; lastKnownFileType = sourcecode.swift; path = AppDelegate.swift; sourceTree = "<group>"; };
		9438DAC423FACA9200DDCDDC /* SceneDelegate.swift */ = {isa = PBXFileReference; lastKnownFileType = sourcecode.swift; path = SceneDelegate.swift; sourceTree = "<group>"; };
		9438DACB23FACA9600DDCDDC /* Assets.xcassets */ = {isa = PBXFileReference; lastKnownFileType = folder.assetcatalog; path = Assets.xcassets; sourceTree = "<group>"; };
		9438DACE23FACA9600DDCDDC /* Base */ = {isa = PBXFileReference; lastKnownFileType = file.storyboard; name = Base; path = Base.lproj/LaunchScreen.storyboard; sourceTree = "<group>"; };
		9438DAD023FACA9600DDCDDC /* Info.plist */ = {isa = PBXFileReference; lastKnownFileType = text.plist.xml; path = Info.plist; sourceTree = "<group>"; };
		9438DADD23FAD0DA00DDCDDC /* UsersTableViewController.swift */ = {isa = PBXFileReference; lastKnownFileType = sourcecode.swift; path = UsersTableViewController.swift; sourceTree = "<group>"; };
		9438DAE923FAD18100DDCDDC /* PhotosTableViewController.swift */ = {isa = PBXFileReference; lastKnownFileType = sourcecode.swift; path = PhotosTableViewController.swift; sourceTree = "<group>"; };
		9438DAF123FAD24100DDCDDC /* DataService.swift */ = {isa = PBXFileReference; lastKnownFileType = sourcecode.swift; path = DataService.swift; sourceTree = "<group>"; };
		9438DAF523FAD8F800DDCDDC /* PhotoCell.swift */ = {isa = PBXFileReference; lastKnownFileType = sourcecode.swift; path = PhotoCell.swift; sourceTree = "<group>"; };
		9438DB1D23FAE6C400DDCDDC /* UsersByID.swift */ = {isa = PBXFileReference; lastKnownFileType = sourcecode.swift; path = UsersByID.swift; sourceTree = "<group>"; };
		9438DB1F23FAE6D600DDCDDC /* PhotosByID.swift */ = {isa = PBXFileReference; lastKnownFileType = sourcecode.swift; path = PhotosByID.swift; sourceTree = "<group>"; };
		9438DB2123FAE98500DDCDDC /* ServiceErrors.swift */ = {isa = PBXFileReference; lastKnownFileType = sourcecode.swift; path = ServiceErrors.swift; sourceTree = "<group>"; };
		9438DB2323FAF54500DDCDDC /* Costants.swift */ = {isa = PBXFileReference; lastKnownFileType = sourcecode.swift; path = Costants.swift; sourceTree = "<group>"; };
		9438DB2523FAF71300DDCDDC /* AlbumsByID.swift */ = {isa = PBXFileReference; lastKnownFileType = sourcecode.swift; path = AlbumsByID.swift; sourceTree = "<group>"; };
		9438DB2B23FAFB9200DDCDDC /* Repository.swift */ = {isa = PBXFileReference; lastKnownFileType = sourcecode.swift; path = Repository.swift; sourceTree = "<group>"; };
		9438DB2D23FB086B00DDCDDC /* Factory.swift */ = {isa = PBXFileReference; lastKnownFileType = sourcecode.swift; path = Factory.swift; sourceTree = "<group>"; };
		9438DB2F23FB1A4500DDCDDC /* Router.swift */ = {isa = PBXFileReference; lastKnownFileType = sourcecode.swift; path = Router.swift; sourceTree = "<group>"; };
/* End PBXFileReference section */

/* Begin PBXFrameworksBuildPhase section */
		9438DABC23FACA9200DDCDDC /* Frameworks */ = {
			isa = PBXFrameworksBuildPhase;
			buildActionMask = 2147483647;
			files = (
			);
			runOnlyForDeploymentPostprocessing = 0;
		};
/* End PBXFrameworksBuildPhase section */

/* Begin PBXGroup section */
		9438DAB623FACA9200DDCDDC = {
			isa = PBXGroup;
			children = (
				9438DAC123FACA9200DDCDDC /* Photo_Albums */,
				9438DAC023FACA9200DDCDDC /* Products */,
			);
			sourceTree = "<group>";
		};
		9438DAC023FACA9200DDCDDC /* Products */ = {
			isa = PBXGroup;
			children = (
				9438DABF23FACA9200DDCDDC /* Photo_Albums.app */,
			);
			name = Products;
			sourceTree = "<group>";
		};
		9438DAC123FACA9200DDCDDC /* Photo_Albums */ = {
			isa = PBXGroup;
			children = (
				9438DAF723FAD91600DDCDDC /* Users Module */,
				9438DAF823FAD92200DDCDDC /* Photoes Module */,
				9438DAD723FACDEB00DDCDDC /* Busines layer */,
				9438DB1C23FAE6AC00DDCDDC /* Wrappers */,
				9438DAD623FACC0A00DDCDDC /* Resources */,
			);
			path = Photo_Albums;
			sourceTree = "<group>";
		};
		9438DAD623FACC0A00DDCDDC /* Resources */ = {
			isa = PBXGroup;
			children = (
				9438DB2323FAF54500DDCDDC /* Costants.swift */,
				9438DB2123FAE98500DDCDDC /* ServiceErrors.swift */,
				9438DB2D23FB086B00DDCDDC /* Factory.swift */,
				9438DAC223FACA9200DDCDDC /* AppDelegate.swift */,
				9438DAC423FACA9200DDCDDC /* SceneDelegate.swift */,
				9438DACB23FACA9600DDCDDC /* Assets.xcassets */,
				9438DACD23FACA9600DDCDDC /* LaunchScreen.storyboard */,
				9438DAD023FACA9600DDCDDC /* Info.plist */,
			);
			path = Resources;
			sourceTree = "<group>";
		};
		9438DAD723FACDEB00DDCDDC /* Busines layer */ = {
			isa = PBXGroup;
			children = (
				9438DAF123FAD24100DDCDDC /* DataService.swift */,
				9438DB2B23FAFB9200DDCDDC /* Repository.swift */,
			);
			path = "Busines layer";
			sourceTree = "<group>";
		};
		9438DAF723FAD91600DDCDDC /* Users Module */ = {
			isa = PBXGroup;
			children = (
				9438DADD23FAD0DA00DDCDDC /* UsersTableViewController.swift */,
				9438DB2F23FB1A4500DDCDDC /* Router.swift */,
			);
			path = "Users Module";
			sourceTree = "<group>";
		};
		9438DAF823FAD92200DDCDDC /* Photoes Module */ = {
			isa = PBXGroup;
			children = (
				9438DAE923FAD18100DDCDDC /* PhotosTableViewController.swift */,
				9438DAF523FAD8F800DDCDDC /* PhotoCell.swift */,
			);
			path = "Photoes Module";
			sourceTree = "<group>";
		};
		9438DB1C23FAE6AC00DDCDDC /* Wrappers */ = {
			isa = PBXGroup;
			children = (
				9438DB1D23FAE6C400DDCDDC /* UsersByID.swift */,
				9438DB2523FAF71300DDCDDC /* AlbumsByID.swift */,
				9438DB1F23FAE6D600DDCDDC /* PhotosByID.swift */,
			);
			path = Wrappers;
			sourceTree = "<group>";
		};
/* End PBXGroup section */

/* Begin PBXNativeTarget section */
		9438DABE23FACA9200DDCDDC /* Photo_Albums */ = {
			isa = PBXNativeTarget;
			buildConfigurationList = 9438DAD323FACA9600DDCDDC /* Build configuration list for PBXNativeTarget "Photo_Albums" */;
			buildPhases = (
				9438DABB23FACA9200DDCDDC /* Sources */,
				9438DABC23FACA9200DDCDDC /* Frameworks */,
				9438DABD23FACA9200DDCDDC /* Resources */,
			);
			buildRules = (
			);
			dependencies = (
			);
			name = Photo_Albums;
			productName = Photo_Albums;
			productReference = 9438DABF23FACA9200DDCDDC /* Photo_Albums.app */;
			productType = "com.apple.product-type.application";
		};
/* End PBXNativeTarget section */

/* Begin PBXProject section */
		9438DAB723FACA9200DDCDDC /* Project object */ = {
			isa = PBXProject;
			attributes = {
				LastSwiftUpdateCheck = 1130;
				LastUpgradeCheck = 1130;
				ORGANIZATIONNAME = "Igor Shelginskiy";
				TargetAttributes = {
					9438DABE23FACA9200DDCDDC = {
						CreatedOnToolsVersion = 11.3.1;
					};
				};
			};
			buildConfigurationList = 9438DABA23FACA9200DDCDDC /* Build configuration list for PBXProject "Photo_Albums" */;
			compatibilityVersion = "Xcode 9.3";
			developmentRegion = en;
			hasScannedForEncodings = 0;
			knownRegions = (
				en,
				Base,
			);
			mainGroup = 9438DAB623FACA9200DDCDDC;
			productRefGroup = 9438DAC023FACA9200DDCDDC /* Products */;
			projectDirPath = "";
			projectRoot = "";
			targets = (
				9438DABE23FACA9200DDCDDC /* Photo_Albums */,
			);
		};
/* End PBXProject section */

/* Begin PBXResourcesBuildPhase section */
		9438DABD23FACA9200DDCDDC /* Resources */ = {
			isa = PBXResourcesBuildPhase;
			buildActionMask = 2147483647;
			files = (
				9438DACF23FACA9600DDCDDC /* LaunchScreen.storyboard in Resources */,
				9438DACC23FACA9600DDCDDC /* Assets.xcassets in Resources */,
			);
			runOnlyForDeploymentPostprocessing = 0;
		};
/* End PBXResourcesBuildPhase section */

/* Begin PBXSourcesBuildPhase section */
		9438DABB23FACA9200DDCDDC /* Sources */ = {
			isa = PBXSourcesBuildPhase;
			buildActionMask = 2147483647;
			files = (
				9438DAEA23FAD18100DDCDDC /* PhotosTableViewController.swift in Sources */,
				9438DAF223FAD24100DDCDDC /* DataService.swift in Sources */,
				9438DAC323FACA9200DDCDDC /* AppDelegate.swift in Sources */,
				9438DB2C23FAFB9200DDCDDC /* Repository.swift in Sources */,
				9438DB2423FAF54500DDCDDC /* Costants.swift in Sources */,
				9438DB2E23FB086B00DDCDDC /* Factory.swift in Sources */,
				9438DAC523FACA9200DDCDDC /* SceneDelegate.swift in Sources */,
				9438DB2023FAE6D600DDCDDC /* PhotosByID.swift in Sources */,
				9438DB1E23FAE6C400DDCDDC /* UsersByID.swift in Sources */,
				9438DB2623FAF71300DDCDDC /* AlbumsByID.swift in Sources */,
				9438DB3023FB1A4500DDCDDC /* Router.swift in Sources */,
				9438DB2223FAE98500DDCDDC /* ServiceErrors.swift in Sources */,
				9438DAF623FAD8F800DDCDDC /* PhotoCell.swift in Sources */,
				9438DADE23FAD0DA00DDCDDC /* UsersTableViewController.swift in Sources */,
			);
			runOnlyForDeploymentPostprocessing = 0;
		};
/* End PBXSourcesBuildPhase section */

/* Begin PBXVariantGroup section */
		9438DACD23FACA9600DDCDDC /* LaunchScreen.storyboard */ = {
			isa = PBXVariantGroup;
			children = (
				9438DACE23FACA9600DDCDDC /* Base */,
			);
			name = LaunchScreen.storyboard;
			sourceTree = "<group>";
		};
/* End PBXVariantGroup section */

/* Begin XCBuildConfiguration section */
		9438DAD123FACA9600DDCDDC /* Debug */ = {
			isa = XCBuildConfiguration;
			buildSettings = {
				ALWAYS_SEARCH_USER_PATHS = NO;
				CLANG_ANALYZER_NONNULL = YES;
				CLANG_ANALYZER_NUMBER_OBJECT_CONVERSION = YES_AGGRESSIVE;
				CLANG_CXX_LANGUAGE_STANDARD = "gnu++14";
				CLANG_CXX_LIBRARY = "libc++";
				CLANG_ENABLE_MODULES = YES;
				CLANG_ENABLE_OBJC_ARC = YES;
				CLANG_ENABLE_OBJC_WEAK = YES;
				CLANG_WARN_BLOCK_CAPTURE_AUTORELEASING = YES;
				CLANG_WARN_BOOL_CONVERSION = YES;
				CLANG_WARN_COMMA = YES;
				CLANG_WARN_CONSTANT_CONVERSION = YES;
				CLANG_WARN_DEPRECATED_OBJC_IMPLEMENTATIONS = YES;
				CLANG_WARN_DIRECT_OBJC_ISA_USAGE = YES_ERROR;
				CLANG_WARN_DOCUMENTATION_COMMENTS = YES;
				CLANG_WARN_EMPTY_BODY = YES;
				CLANG_WARN_ENUM_CONVERSION = YES;
				CLANG_WARN_INFINITE_RECURSION = YES;
				CLANG_WARN_INT_CONVERSION = YES;
				CLANG_WARN_NON_LITERAL_NULL_CONVERSION = YES;
				CLANG_WARN_OBJC_IMPLICIT_RETAIN_SELF = YES;
				CLANG_WARN_OBJC_LITERAL_CONVERSION = YES;
				CLANG_WARN_OBJC_ROOT_CLASS = YES_ERROR;
				CLANG_WARN_RANGE_LOOP_ANALYSIS = YES;
				CLANG_WARN_STRICT_PROTOTYPES = YES;
				CLANG_WARN_SUSPICIOUS_MOVE = YES;
				CLANG_WARN_UNGUARDED_AVAILABILITY = YES_AGGRESSIVE;
				CLANG_WARN_UNREACHABLE_CODE = YES;
				CLANG_WARN__DUPLICATE_METHOD_MATCH = YES;
				COPY_PHASE_STRIP = NO;
				DEBUG_INFORMATION_FORMAT = dwarf;
				ENABLE_STRICT_OBJC_MSGSEND = YES;
				ENABLE_TESTABILITY = YES;
				GCC_C_LANGUAGE_STANDARD = gnu11;
				GCC_DYNAMIC_NO_PIC = NO;
				GCC_NO_COMMON_BLOCKS = YES;
				GCC_OPTIMIZATION_LEVEL = 0;
				GCC_PREPROCESSOR_DEFINITIONS = (
					"DEBUG=1",
					"$(inherited)",
				);
				GCC_WARN_64_TO_32_BIT_CONVERSION = YES;
				GCC_WARN_ABOUT_RETURN_TYPE = YES_ERROR;
				GCC_WARN_UNDECLARED_SELECTOR = YES;
				GCC_WARN_UNINITIALIZED_AUTOS = YES_AGGRESSIVE;
				GCC_WARN_UNUSED_FUNCTION = YES;
				GCC_WARN_UNUSED_VARIABLE = YES;
				IPHONEOS_DEPLOYMENT_TARGET = 13.2;
				MTL_ENABLE_DEBUG_INFO = INCLUDE_SOURCE;
				MTL_FAST_MATH = YES;
				ONLY_ACTIVE_ARCH = YES;
				SDKROOT = iphoneos;
				SWIFT_ACTIVE_COMPILATION_CONDITIONS = DEBUG;
				SWIFT_OPTIMIZATION_LEVEL = "-Onone";
			};
			name = Debug;
		};
		9438DAD223FACA9600DDCDDC /* Release */ = {
			isa = XCBuildConfiguration;
			buildSettings = {
				ALWAYS_SEARCH_USER_PATHS = NO;
				CLANG_ANALYZER_NONNULL = YES;
				CLANG_ANALYZER_NUMBER_OBJECT_CONVERSION = YES_AGGRESSIVE;
				CLANG_CXX_LANGUAGE_STANDARD = "gnu++14";
				CLANG_CXX_LIBRARY = "libc++";
				CLANG_ENABLE_MODULES = YES;
				CLANG_ENABLE_OBJC_ARC = YES;
				CLANG_ENABLE_OBJC_WEAK = YES;
				CLANG_WARN_BLOCK_CAPTURE_AUTORELEASING = YES;
				CLANG_WARN_BOOL_CONVERSION = YES;
				CLANG_WARN_COMMA = YES;
				CLANG_WARN_CONSTANT_CONVERSION = YES;
				CLANG_WARN_DEPRECATED_OBJC_IMPLEMENTATIONS = YES;
				CLANG_WARN_DIRECT_OBJC_ISA_USAGE = YES_ERROR;
				CLANG_WARN_DOCUMENTATION_COMMENTS = YES;
				CLANG_WARN_EMPTY_BODY = YES;
				CLANG_WARN_ENUM_CONVERSION = YES;
				CLANG_WARN_INFINITE_RECURSION = YES;
				CLANG_WARN_INT_CONVERSION = YES;
				CLANG_WARN_NON_LITERAL_NULL_CONVERSION = YES;
				CLANG_WARN_OBJC_IMPLICIT_RETAIN_SELF = YES;
				CLANG_WARN_OBJC_LITERAL_CONVERSION = YES;
				CLANG_WARN_OBJC_ROOT_CLASS = YES_ERROR;
				CLANG_WARN_RANGE_LOOP_ANALYSIS = YES;
				CLANG_WARN_STRICT_PROTOTYPES = YES;
				CLANG_WARN_SUSPICIOUS_MOVE = YES;
				CLANG_WARN_UNGUARDED_AVAILABILITY = YES_AGGRESSIVE;
				CLANG_WARN_UNREACHABLE_CODE = YES;
				CLANG_WARN__DUPLICATE_METHOD_MATCH = YES;
				COPY_PHASE_STRIP = NO;
				DEBUG_INFORMATION_FORMAT = "dwarf-with-dsym";
				ENABLE_NS_ASSERTIONS = NO;
				ENABLE_STRICT_OBJC_MSGSEND = YES;
				GCC_C_LANGUAGE_STANDARD = gnu11;
				GCC_NO_COMMON_BLOCKS = YES;
				GCC_WARN_64_TO_32_BIT_CONVERSION = YES;
				GCC_WARN_ABOUT_RETURN_TYPE = YES_ERROR;
				GCC_WARN_UNDECLARED_SELECTOR = YES;
				GCC_WARN_UNINITIALIZED_AUTOS = YES_AGGRESSIVE;
				GCC_WARN_UNUSED_FUNCTION = YES;
				GCC_WARN_UNUSED_VARIABLE = YES;
				IPHONEOS_DEPLOYMENT_TARGET = 13.2;
				MTL_ENABLE_DEBUG_INFO = NO;
				MTL_FAST_MATH = YES;
				SDKROOT = iphoneos;
				SWIFT_COMPILATION_MODE = wholemodule;
				SWIFT_OPTIMIZATION_LEVEL = "-O";
				VALIDATE_PRODUCT = YES;
			};
			name = Release;
		};
		9438DAD423FACA9600DDCDDC /* Debug */ = {
			isa = XCBuildConfiguration;
			buildSettings = {
				ASSETCATALOG_COMPILER_APPICON_NAME = AppIcon;
				CODE_SIGN_STYLE = Automatic;
				DEVELOPMENT_TEAM = BH8ZW8FZ54;
				INFOPLIST_FILE = "$(SRCROOT)/Photo_Albums/Resources/Info.plist";
				LD_RUNPATH_SEARCH_PATHS = (
					"$(inherited)",
					"@executable_path/Frameworks",
				);
				PRODUCT_BUNDLE_IDENTIFIER = "com.enigvor.Photo-Albums";
				PRODUCT_NAME = "$(TARGET_NAME)";
				SWIFT_VERSION = 5.0;
				TARGETED_DEVICE_FAMILY = 1;
			};
			name = Debug;
		};
		9438DAD523FACA9600DDCDDC /* Release */ = {
			isa = XCBuildConfiguration;
			buildSettings = {
				ASSETCATALOG_COMPILER_APPICON_NAME = AppIcon;
				CODE_SIGN_STYLE = Automatic;
				DEVELOPMENT_TEAM = BH8ZW8FZ54;
				INFOPLIST_FILE = "$(SRCROOT)/Photo_Albums/Resources/Info.plist";
				LD_RUNPATH_SEARCH_PATHS = (
					"$(inherited)",
					"@executable_path/Frameworks",
				);
				PRODUCT_BUNDLE_IDENTIFIER = "com.enigvor.Photo-Albums";
				PRODUCT_NAME = "$(TARGET_NAME)";
				SWIFT_VERSION = 5.0;
				TARGETED_DEVICE_FAMILY = 1;
			};
			name = Release;
		};
/* End XCBuildConfiguration section */

/* Begin XCConfigurationList section */
		9438DABA23FACA9200DDCDDC /* Build configuration list for PBXProject "Photo_Albums" */ = {
			isa = XCConfigurationList;
			buildConfigurations = (
				9438DAD123FACA9600DDCDDC /* Debug */,
				9438DAD223FACA9600DDCDDC /* Release */,
			);
			defaultConfigurationIsVisible = 0;
			defaultConfigurationName = Release;
		};
		9438DAD323FACA9600DDCDDC /* Build configuration list for PBXNativeTarget "Photo_Albums" */ = {
			isa = XCConfigurationList;
			buildConfigurations = (
				9438DAD423FACA9600DDCDDC /* Debug */,
				9438DAD523FACA9600DDCDDC /* Release */,
			);
			defaultConfigurationIsVisible = 0;
			defaultConfigurationName = Release;
		};
/* End XCConfigurationList section */
	};
	rootObject = 9438DAB723FACA9200DDCDDC /* Project object */;
}
